
Microsoft Visual Studio Solution File, Format Version 12.00
# Visual Studio Version 16
VisualStudioVersion = 16.0.31911.196
MinimumVisualStudioVersion = 10.0.40219.1
Project("{FAE04EC0-301F-11D3-BF4B-00C04F79EFBC}") = "Exercice5", "Exercice5\Exercice5.csproj", "{D0D9FE51-B47C-4C67-A3FB-63052219D74C}"
EndProject
Global
	GlobalSection(SolutionConfigurationPlatforms) = preSolution
		Debug|Any CPU = Debug|Any CPU
		Release|Any CPU = Release|Any CPU
	EndGlobalSection
	GlobalSection(ProjectConfigurationPlatforms) = postSolution
		{D0D9FE51-B47C-4C67-A3FB-63052219D74C}.Debug|Any CPU.ActiveCfg = Debug|Any CPU
		{D0D9FE51-B47C-4C67-A3FB-63052219D74C}.Debug|Any CPU.Build.0 = Debug|Any CPU
		{D0D9FE51-B47C-4C67-A3FB-63052219D74C}.Release|Any CPU.ActiveCfg = Release|Any CPU
		{D0D9FE51-B47C-4C67-A3FB-63052219D74C}.Release|Any CPU.Build.0 = Release|Any CPU
	EndGlobalSection
	GlobalSection(SolutionProperties) = preSolution
		HideSolutionNode = FALSE
	EndGlobalSection
	GlobalSection(ExtensibilityGlobals) = postSolution
		SolutionGuid = {0E7FAF7E-3D18-4712-8907-3107B2631C57}
	EndGlobalSection
EndGlobal
