
Microsoft Visual Studio Solution File, Format Version 12.00
# Visual Studio Version 16
VisualStudioVersion = 16.0.31911.196
MinimumVisualStudioVersion = 10.0.40219.1
Project("{FAE04EC0-301F-11D3-BF4B-00C04F79EFBC}") = "Exercice1", "Exercice1\Exercice1.csproj", "{304D695D-6195-4DB2-A1EF-A118888669C8}"
EndProject
Global
	GlobalSection(SolutionConfigurationPlatforms) = preSolution
		Debug|Any CPU = Debug|Any CPU
		Release|Any CPU = Release|Any CPU
	EndGlobalSection
	GlobalSection(ProjectConfigurationPlatforms) = postSolution
		{304D695D-6195-4DB2-A1EF-A118888669C8}.Debug|Any CPU.ActiveCfg = Debug|Any CPU
		{304D695D-6195-4DB2-A1EF-A118888669C8}.Debug|Any CPU.Build.0 = Debug|Any CPU
		{304D695D-6195-4DB2-A1EF-A118888669C8}.Release|Any CPU.ActiveCfg = Release|Any CPU
		{304D695D-6195-4DB2-A1EF-A118888669C8}.Release|Any CPU.Build.0 = Release|Any CPU
	EndGlobalSection
	GlobalSection(SolutionProperties) = preSolution
		HideSolutionNode = FALSE
	EndGlobalSection
	GlobalSection(ExtensibilityGlobals) = postSolution
		SolutionGuid = {F7FDCD21-4BB6-4EDE-A560-5FBD396966D5}
	EndGlobalSection
EndGlobal
